<?xml version="1.0" encoding="UTF-8"?>
<Scheme
   LastUpgradeVersion = "0600"
   version = "1.3">
   <BuildAction
      parallelizeBuildables = "YES"
      buildImplicitDependencies = "YES">
      <BuildActionEntries>
         <BuildActionEntry
            buildForTesting = "YES"
            buildForRunning = "YES"
            buildForProfiling = "YES"
            buildForArchiving = "YES"
            buildForAnalyzing = "YES">
            <BuildableReference
               BuildableIdentifier = "primary"
               BlueprintIdentifier = "C515E84219C5A937001A5BB2"
               BuildableName = "FHR.app"
               BlueprintName = "FHR"
               ReferencedContainer = "container:FHR.xcodeproj">
            </BuildableReference>
         </BuildActionEntry>
         <BuildActionEntry
            buildForTesting = "YES"
            buildForRunning = "YES"
            buildForProfiling = "NO"
            buildForArchiving = "NO"
            buildForAnalyzing = "YES">
            <BuildableReference
               BuildableIdentifier = "primary"
               BlueprintIdentifier = "C515E85719C5A937001A5BB2"
               BuildableName = "FHRTests.xctest"
               BlueprintName = "FHRTests"
               ReferencedContainer = "container:FHR.xcodeproj">
            </BuildableReference>
         </BuildActionEntry>
      </BuildActionEntries>
   </BuildAction>
   <TestAction
      selectedDebuggerIdentifier = "Xcode.DebuggerFoundation.Debugger.LLDB"
      selectedLauncherIdentifier = "Xcode.DebuggerFoundation.Launcher.LLDB"
      shouldUseLaunchSchemeArgsEnv = "YES"
      buildConfiguration = "Debug">
      <Testables>
         <TestableReference
            skipped = "NO">
            <BuildableReference
               BuildableIdentifier = "primary"
               BlueprintIdentifier = "C515E85719C5A937001A5BB2"
               BuildableName = "FHRTests.xctest"
               BlueprintName = "FHRTests"
               ReferencedContainer = "container:FHR.xcodeproj">
            </BuildableReference>
            <SkippedTests>
               <Test
                  Identifier = "TimerTests">
               </Test>
               <Test
                  Identifier = "ViewControllerTests">
               </Test>
               <Test
                  Identifier = "WorkoutServiceTest/testAddDurationWorkout()">
               </Test>
               <Test
                  Identifier = "WorkoutServiceTest/testAddIntervalWorkout()">
               </Test>
               <Test
                  Identifier = "WorkoutServiceTest/testAddRepsWorkout()">
               </Test>
               <Test
                  Identifier = "WorkoutServiceTest/testFetchLatestWorkout()">
               </Test>
               <Test
                  Identifier = "WorkoutServiceTest/testFetchLatestWorkoutNoWorkoutsPerformed()">
               </Test>
               <Test
                  Identifier = "WorkoutServiceTest/testFetchPrebensWorkouts()">
               </Test>
               <Test
                  Identifier = "WorkoutServiceTest/testFetchWarmup()">
               </Test>
               <Test
                  Identifier = "WorkoutServiceTest/testFetchWarmupWithUserWorkout()">
               </Test>
               <Test
                  Identifier = "WorkoutServiceTest/testFetchWorkout()">
               </Test>
               <Test
                  Identifier = "WorkoutServiceTest/testFetchWorkoutDryGround()">
               </Test>
               <Test
                  Identifier = "WorkoutServiceTest/testLoadDatabase()">
               </Test>
               <Test
                  Identifier = "WorkoutServiceTest/testSaveUserWorkout()">
               </Test>
               <Test
                  Identifier = "WorkoutServiceTest/testUpdateUserWorkout()">
               </Test>
               <Test
                  Identifier = "WorkoutTypeTests">
               </Test>
            </SkippedTests>
         </TestableReference>
      </Testables>
      <MacroExpansion>
         <BuildableReference
            BuildableIdentifier = "primary"
            BlueprintIdentifier = "C515E84219C5A937001A5BB2"
            BuildableName = "FHR.app"
            BlueprintName = "FHR"
            ReferencedContainer = "container:FHR.xcodeproj">
         </BuildableReference>
      </MacroExpansion>
   </TestAction>
   <LaunchAction
      selectedDebuggerIdentifier = "Xcode.DebuggerFoundation.Debugger.LLDB"
      selectedLauncherIdentifier = "Xcode.DebuggerFoundation.Launcher.LLDB"
      launchStyle = "0"
      useCustomWorkingDirectory = "NO"
      buildConfiguration = "Debug"
      ignoresPersistentStateOnLaunch = "NO"
      debugDocumentVersioning = "YES"
      allowLocationSimulation = "YES"
      language = "en">
      <BuildableProductRunnable
         runnableDebuggingMode = "0">
         <BuildableReference
            BuildableIdentifier = "primary"
            BlueprintIdentifier = "C515E84219C5A937001A5BB2"
            BuildableName = "FHR.app"
            BlueprintName = "FHR"
            ReferencedContainer = "container:FHR.xcodeproj">
         </BuildableReference>
      </BuildableProductRunnable>
      <AdditionalOptions>
      </AdditionalOptions>
   </LaunchAction>
   <ProfileAction
      shouldUseLaunchSchemeArgsEnv = "YES"
      savedToolIdentifier = ""
      useCustomWorkingDirectory = "NO"
      buildConfiguration = "Release"
      debugDocumentVersioning = "YES">
      <BuildableProductRunnable
         runnableDebuggingMode = "0">
         <BuildableReference
            BuildableIdentifier = "primary"
            BlueprintIdentifier = "C515E84219C5A937001A5BB2"
            BuildableName = "FHR.app"
            BlueprintName = "FHR"
            ReferencedContainer = "container:FHR.xcodeproj">
         </BuildableReference>
      </BuildableProductRunnable>
   </ProfileAction>
   <AnalyzeAction
      buildConfiguration = "Debug">
   </AnalyzeAction>
   <ArchiveAction
      buildConfiguration = "Release"
      revealArchiveInOrganizer = "YES">
   </ArchiveAction>
</Scheme>
