// !$*UTF8*$!
{
	archiveVersion = 1;
	classes = {
	};
	objectVersion = 46;
	objects = {

/* Begin PBXBuildFile section */
		C51055C51B0DF77A005980AD /* DurationViewControllerTests.swift in Sources */ = {isa = PBXBuildFile; fileRef = C51055C41B0DF77A005980AD /* DurationViewControllerTests.swift */; };
		C51055C61B0DF9F0005980AD /* Main.storyboard in Resources */ = {isa = PBXBuildFile; fileRef = C515E84C19C5A937001A5BB2 /* Main.storyboard */; };
		C51424111AED68EB00153BF0 /* PrebensWorkout.swift in Sources */ = {isa = PBXBuildFile; fileRef = C51424101AED68EB00153BF0 /* PrebensWorkout.swift */; };
		C51424131AEE9B0600153BF0 /* PrebensViewController.swift in Sources */ = {isa = PBXBuildFile; fileRef = C51424121AEE9B0600153BF0 /* PrebensViewController.swift */; };
		C515E84919C5A937001A5BB2 /* AppDelegate.swift in Sources */ = {isa = PBXBuildFile; fileRef = C515E84819C5A937001A5BB2 /* AppDelegate.swift */; };
		C515E84B19C5A937001A5BB2 /* ViewController.swift in Sources */ = {isa = PBXBuildFile; fileRef = C515E84A19C5A937001A5BB2 /* ViewController.swift */; };
		C515E84E19C5A937001A5BB2 /* Main.storyboard in Resources */ = {isa = PBXBuildFile; fileRef = C515E84C19C5A937001A5BB2 /* Main.storyboard */; };
		C515E85019C5A937001A5BB2 /* Images.xcassets in Resources */ = {isa = PBXBuildFile; fileRef = C515E84F19C5A937001A5BB2 /* Images.xcassets */; };
		C515E85319C5A937001A5BB2 /* LaunchScreen.xib in Resources */ = {isa = PBXBuildFile; fileRef = C515E85119C5A937001A5BB2 /* LaunchScreen.xib */; };
		C515E85F19C5A937001A5BB2 /* ViewControllerTests.swift in Sources */ = {isa = PBXBuildFile; fileRef = C515E85E19C5A937001A5BB2 /* ViewControllerTests.swift */; };
		C537A4861A21F428003697CD /* CoreData.framework in Frameworks */ = {isa = PBXBuildFile; fileRef = C537A4851A21F428003697CD /* CoreData.framework */; };
		C537A4BA1A21F669003697CD /* FHR.xcdatamodeld in Sources */ = {isa = PBXBuildFile; fileRef = C537A4B81A21F669003697CD /* FHR.xcdatamodeld */; };
		C539DA8D1A87DA6A005A6D45 /* WorkoutService.swift in Sources */ = {isa = PBXBuildFile; fileRef = C539DA8C1A87DA6A005A6D45 /* WorkoutService.swift */; };
		C539DA911A87DB26005A6D45 /* WorkoutServiceTest.swift in Sources */ = {isa = PBXBuildFile; fileRef = C539DA901A87DB26005A6D45 /* WorkoutServiceTest.swift */; };
		C539DA931A8A7CA3005A6D45 /* IntervalWorkout.swift in Sources */ = {isa = PBXBuildFile; fileRef = C539DA921A8A7CA3005A6D45 /* IntervalWorkout.swift */; };
		C539DA951A8BD0A1005A6D45 /* workouts.json in Resources */ = {isa = PBXBuildFile; fileRef = C539DA941A8BD0A1005A6D45 /* workouts.json */; };
		C539DA991A8CAA43005A6D45 /* Media.xcassets in Resources */ = {isa = PBXBuildFile; fileRef = C539DA981A8CAA43005A6D45 /* Media.xcassets */; };
		C539DA9B1A8D2159005A6D45 /* burpees.mov in Resources */ = {isa = PBXBuildFile; fileRef = C539DA9A1A8D2159005A6D45 /* burpees.mov */; };
		C539DA9D1A8E33AE005A6D45 /* CountDownTimerTests.swift in Sources */ = {isa = PBXBuildFile; fileRef = C539DA9C1A8E33AE005A6D45 /* CountDownTimerTests.swift */; };
		C539DA9F1A8F2B9B005A6D45 /* Launch.storyboard in Resources */ = {isa = PBXBuildFile; fileRef = C539DA9E1A8F2B9B005A6D45 /* Launch.storyboard */; };
		C54B3A901B2453C70033854E /* RuntimeWorkoutTests.swift in Sources */ = {isa = PBXBuildFile; fileRef = C54B3A8F1B2453C70033854E /* RuntimeWorkoutTests.swift */; };
		C54B3A941B260F3B0033854E /* Settings.swift in Sources */ = {isa = PBXBuildFile; fileRef = C54B3A931B260F3B0033854E /* Settings.swift */; };
		C54B3A961B28BC7D0033854E /* WorkoutType.swift in Sources */ = {isa = PBXBuildFile; fileRef = C54B3A951B28BC7D0033854E /* WorkoutType.swift */; };
		C54B3A981B28C7250033854E /* IntervalViewController.swift in Sources */ = {isa = PBXBuildFile; fileRef = C54B3A971B28C7250033854E /* IntervalViewController.swift */; };
		C54B3A9A1B29D4650033854E /* IntervalViewControllerTests.swift in Sources */ = {isa = PBXBuildFile; fileRef = C54B3A991B29D4650033854E /* IntervalViewControllerTests.swift */; };
		C56944B31B19D576006745B0 /* TimerTests.swift in Sources */ = {isa = PBXBuildFile; fileRef = C56944B21B19D576006745B0 /* TimerTests.swift */; };
		C56944B51B19D5FC006745B0 /* Timer.swift in Sources */ = {isa = PBXBuildFile; fileRef = C56944B41B19D5FC006745B0 /* Timer.swift */; };
		C573BDC21A90882500B84FE0 /* WorkoutCategory.swift in Sources */ = {isa = PBXBuildFile; fileRef = C573BDC11A90882500B84FE0 /* WorkoutCategory.swift */; };
		C573BDC41A90CFE000B84FE0 /* WorkoutCategoryTests.swift in Sources */ = {isa = PBXBuildFile; fileRef = C573BDC31A90CFE000B84FE0 /* WorkoutCategoryTests.swift */; };
		C5801CE61A62B3A800051140 /* Workout.swift in Sources */ = {isa = PBXBuildFile; fileRef = C5801CE51A62B3A800051140 /* Workout.swift */; };
		C5801CE91A62B3C200051140 /* RepsWorkout.swift in Sources */ = {isa = PBXBuildFile; fileRef = C5801CE71A62B3C200051140 /* RepsWorkout.swift */; };
		C5801CEA1A62B3C200051140 /* DurationWorkout.swift in Sources */ = {isa = PBXBuildFile; fileRef = C5801CE81A62B3C200051140 /* DurationWorkout.swift */; };
		C586D82A1B2EE0020078493B /* InfoViewController.swift in Sources */ = {isa = PBXBuildFile; fileRef = C586D8291B2EE0020078493B /* InfoViewController.swift */; };
		C58CD6901B09CFB400B974C9 /* RuntimeWorkout.swift in Sources */ = {isa = PBXBuildFile; fileRef = C58CD68F1B09CFB400B974C9 /* RuntimeWorkout.swift */; };
		C59931801AAAF503007ABB93 /* DurationViewController.swift in Sources */ = {isa = PBXBuildFile; fileRef = C599317F1AAAF503007ABB93 /* DurationViewController.swift */; };
		C5A092CB1B1B9016003FFCA4 /* restwarning.wav in Resources */ = {isa = PBXBuildFile; fileRef = C5A092CA1B1B9016003FFCA4 /* restwarning.wav */; };
		C5A092CF1B1E316B003FFCA4 /* TestVideo.m4v in Resources */ = {isa = PBXBuildFile; fileRef = C5A092CE1B1E316B003FFCA4 /* TestVideo.m4v */; };
		C5A092D01B1E3C07003FFCA4 /* TestVideo.m4v in Resources */ = {isa = PBXBuildFile; fileRef = C5A092CE1B1E316B003FFCA4 /* TestVideo.m4v */; };
		C5A092D21B1F1046003FFCA4 /* PrebensViewControllerTests.swift in Sources */ = {isa = PBXBuildFile; fileRef = C5A092D11B1F1046003FFCA4 /* PrebensViewControllerTests.swift */; };
		C5A092D41B206544003FFCA4 /* BaseWorkoutController.swift in Sources */ = {isa = PBXBuildFile; fileRef = C5A092D31B206544003FFCA4 /* BaseWorkoutController.swift */; };
		C5AAC23D1A711BF2001A6E01 /* CoreDataStack.swift in Sources */ = {isa = PBXBuildFile; fileRef = C5AAC23C1A711BF2001A6E01 /* CoreDataStack.swift */; };
		C5AAC23F1A83FA5B001A6E01 /* TestCoreDataStack.swift in Sources */ = {isa = PBXBuildFile; fileRef = C5AAC23E1A83FA5B001A6E01 /* TestCoreDataStack.swift */; };
		C5C67FF51AE8251700C1D55C /* SettingsViewController.swift in Sources */ = {isa = PBXBuildFile; fileRef = C5C67FF41AE8251700C1D55C /* SettingsViewController.swift */; };
		C5E36BEF1A95D48F007906E8 /* RepsViewController.swift in Sources */ = {isa = PBXBuildFile; fileRef = C5E36BEE1A95D48F007906E8 /* RepsViewController.swift */; };
		C5E36BF11A961AB6007906E8 /* CountDownTimer.swift in Sources */ = {isa = PBXBuildFile; fileRef = C5E36BF01A961AB6007906E8 /* CountDownTimer.swift */; };
		C5E36BF31A9CCC8C007906E8 /* UserWorkout.swift in Sources */ = {isa = PBXBuildFile; fileRef = C5E36BF21A9CCC8C007906E8 /* UserWorkout.swift */; };
/* End PBXBuildFile section */

/* Begin PBXContainerItemProxy section */
		C515E85919C5A937001A5BB2 /* PBXContainerItemProxy */ = {
			isa = PBXContainerItemProxy;
			containerPortal = C515E83B19C5A937001A5BB2 /* Project object */;
			proxyType = 1;
			remoteGlobalIDString = C515E84219C5A937001A5BB2;
			remoteInfo = FHR;
		};
/* End PBXContainerItemProxy section */

/* Begin PBXFileReference section */
		C51055C41B0DF77A005980AD /* DurationViewControllerTests.swift */ = {isa = PBXFileReference; fileEncoding = 4; lastKnownFileType = sourcecode.swift; path = DurationViewControllerTests.swift; sourceTree = "<group>"; };
		C51424101AED68EB00153BF0 /* PrebensWorkout.swift */ = {isa = PBXFileReference; fileEncoding = 4; lastKnownFileType = sourcecode.swift; path = PrebensWorkout.swift; sourceTree = "<group>"; };
		C51424121AEE9B0600153BF0 /* PrebensViewController.swift */ = {isa = PBXFileReference; fileEncoding = 4; lastKnownFileType = sourcecode.swift; path = PrebensViewController.swift; sourceTree = "<group>"; };
		C515E84319C5A937001A5BB2 /* FHR.app */ = {isa = PBXFileReference; explicitFileType = wrapper.application; includeInIndex = 0; path = FHR.app; sourceTree = BUILT_PRODUCTS_DIR; };
		C515E84719C5A937001A5BB2 /* Info.plist */ = {isa = PBXFileReference; lastKnownFileType = text.plist.xml; path = Info.plist; sourceTree = "<group>"; };
		C515E84819C5A937001A5BB2 /* AppDelegate.swift */ = {isa = PBXFileReference; lastKnownFileType = sourcecode.swift; path = AppDelegate.swift; sourceTree = "<group>"; };
		C515E84A19C5A937001A5BB2 /* ViewController.swift */ = {isa = PBXFileReference; lastKnownFileType = sourcecode.swift; path = ViewController.swift; sourceTree = "<group>"; };
		C515E84D19C5A937001A5BB2 /* Base */ = {isa = PBXFileReference; lastKnownFileType = file.storyboard; name = Base; path = Base.lproj/Main.storyboard; sourceTree = "<group>"; };
		C515E84F19C5A937001A5BB2 /* Images.xcassets */ = {isa = PBXFileReference; lastKnownFileType = folder.assetcatalog; path = Images.xcassets; sourceTree = "<group>"; };
		C515E85219C5A937001A5BB2 /* Base */ = {isa = PBXFileReference; lastKnownFileType = file.xib; name = Base; path = Base.lproj/LaunchScreen.xib; sourceTree = "<group>"; };
		C515E85819C5A937001A5BB2 /* FHRTests.xctest */ = {isa = PBXFileReference; explicitFileType = wrapper.cfbundle; includeInIndex = 0; path = FHRTests.xctest; sourceTree = BUILT_PRODUCTS_DIR; };
		C515E85D19C5A937001A5BB2 /* Info.plist */ = {isa = PBXFileReference; lastKnownFileType = text.plist.xml; path = Info.plist; sourceTree = "<group>"; };
		C515E85E19C5A937001A5BB2 /* ViewControllerTests.swift */ = {isa = PBXFileReference; lastKnownFileType = sourcecode.swift; path = ViewControllerTests.swift; sourceTree = "<group>"; };
		C537A4851A21F428003697CD /* CoreData.framework */ = {isa = PBXFileReference; lastKnownFileType = wrapper.framework; name = CoreData.framework; path = System/Library/Frameworks/CoreData.framework; sourceTree = SDKROOT; };
		C537A4B91A21F669003697CD /* FHR.xcdatamodel */ = {isa = PBXFileReference; lastKnownFileType = wrapper.xcdatamodel; path = FHR.xcdatamodel; sourceTree = "<group>"; };
		C539DA8C1A87DA6A005A6D45 /* WorkoutService.swift */ = {isa = PBXFileReference; fileEncoding = 4; lastKnownFileType = sourcecode.swift; path = WorkoutService.swift; sourceTree = "<group>"; };
		C539DA901A87DB26005A6D45 /* WorkoutServiceTest.swift */ = {isa = PBXFileReference; fileEncoding = 4; lastKnownFileType = sourcecode.swift; name = WorkoutServiceTest.swift; path = Models/WorkoutServiceTest.swift; sourceTree = "<group>"; };
		C539DA921A8A7CA3005A6D45 /* IntervalWorkout.swift */ = {isa = PBXFileReference; fileEncoding = 4; lastKnownFileType = sourcecode.swift; path = IntervalWorkout.swift; sourceTree = "<group>"; };
		C539DA941A8BD0A1005A6D45 /* workouts.json */ = {isa = PBXFileReference; fileEncoding = 4; lastKnownFileType = text.json; path = workouts.json; sourceTree = "<group>"; };
		C539DA981A8CAA43005A6D45 /* Media.xcassets */ = {isa = PBXFileReference; lastKnownFileType = folder.assetcatalog; path = Media.xcassets; sourceTree = "<group>"; };
		C539DA9A1A8D2159005A6D45 /* burpees.mov */ = {isa = PBXFileReference; lastKnownFileType = video.quicktime; name = burpees.mov; path = ../../../../../Desktop/burpees.mov; sourceTree = "<group>"; };
		C539DA9C1A8E33AE005A6D45 /* CountDownTimerTests.swift */ = {isa = PBXFileReference; fileEncoding = 4; lastKnownFileType = sourcecode.swift; path = CountDownTimerTests.swift; sourceTree = "<group>"; };
		C539DA9E1A8F2B9B005A6D45 /* Launch.storyboard */ = {isa = PBXFileReference; fileEncoding = 4; lastKnownFileType = file.storyboard; path = Launch.storyboard; sourceTree = "<group>"; };
		C54B3A8F1B2453C70033854E /* RuntimeWorkoutTests.swift */ = {isa = PBXFileReference; fileEncoding = 4; lastKnownFileType = sourcecode.swift; path = RuntimeWorkoutTests.swift; sourceTree = "<group>"; };
		C54B3A931B260F3B0033854E /* Settings.swift */ = {isa = PBXFileReference; fileEncoding = 4; lastKnownFileType = sourcecode.swift; path = Settings.swift; sourceTree = "<group>"; };
		C54B3A951B28BC7D0033854E /* WorkoutType.swift */ = {isa = PBXFileReference; fileEncoding = 4; lastKnownFileType = sourcecode.swift; path = WorkoutType.swift; sourceTree = "<group>"; };
		C54B3A971B28C7250033854E /* IntervalViewController.swift */ = {isa = PBXFileReference; fileEncoding = 4; lastKnownFileType = sourcecode.swift; path = IntervalViewController.swift; sourceTree = "<group>"; };
		C54B3A991B29D4650033854E /* IntervalViewControllerTests.swift */ = {isa = PBXFileReference; fileEncoding = 4; lastKnownFileType = sourcecode.swift; path = IntervalViewControllerTests.swift; sourceTree = "<group>"; };
		C56944B21B19D576006745B0 /* TimerTests.swift */ = {isa = PBXFileReference; fileEncoding = 4; lastKnownFileType = sourcecode.swift; path = TimerTests.swift; sourceTree = "<group>"; };
		C56944B41B19D5FC006745B0 /* Timer.swift */ = {isa = PBXFileReference; fileEncoding = 4; lastKnownFileType = sourcecode.swift; path = Timer.swift; sourceTree = "<group>"; };
		C573BDBF1A8F3FDE00B84FE0 /* sv */ = {isa = PBXFileReference; lastKnownFileType = text.plist.strings; name = sv; path = sv.lproj/Main.strings; sourceTree = "<group>"; };
		C573BDC01A8F3FDE00B84FE0 /* sv */ = {isa = PBXFileReference; lastKnownFileType = text.plist.strings; name = sv; path = sv.lproj/LaunchScreen.strings; sourceTree = "<group>"; };
		C573BDC11A90882500B84FE0 /* WorkoutCategory.swift */ = {isa = PBXFileReference; fileEncoding = 4; lastKnownFileType = sourcecode.swift; name = WorkoutCategory.swift; path = Core/WorkoutCategory.swift; sourceTree = "<group>"; };
		C573BDC31A90CFE000B84FE0 /* WorkoutCategoryTests.swift */ = {isa = PBXFileReference; fileEncoding = 4; lastKnownFileType = sourcecode.swift; path = WorkoutCategoryTests.swift; sourceTree = "<group>"; };
		C5801CE51A62B3A800051140 /* Workout.swift */ = {isa = PBXFileReference; fileEncoding = 4; lastKnownFileType = sourcecode.swift; path = Workout.swift; sourceTree = "<group>"; };
		C5801CE71A62B3C200051140 /* RepsWorkout.swift */ = {isa = PBXFileReference; fileEncoding = 4; lastKnownFileType = sourcecode.swift; path = RepsWorkout.swift; sourceTree = "<group>"; };
		C5801CE81A62B3C200051140 /* DurationWorkout.swift */ = {isa = PBXFileReference; fileEncoding = 4; lastKnownFileType = sourcecode.swift; path = DurationWorkout.swift; sourceTree = "<group>"; };
		C586D8291B2EE0020078493B /* InfoViewController.swift */ = {isa = PBXFileReference; fileEncoding = 4; lastKnownFileType = sourcecode.swift; path = InfoViewController.swift; sourceTree = "<group>"; };
		C58CD68F1B09CFB400B974C9 /* RuntimeWorkout.swift */ = {isa = PBXFileReference; fileEncoding = 4; lastKnownFileType = sourcecode.swift; name = RuntimeWorkout.swift; path = Core/RuntimeWorkout.swift; sourceTree = "<group>"; };
		C599317F1AAAF503007ABB93 /* DurationViewController.swift */ = {isa = PBXFileReference; fileEncoding = 4; lastKnownFileType = sourcecode.swift; path = DurationViewController.swift; sourceTree = "<group>"; };
		C5A092CA1B1B9016003FFCA4 /* restwarning.wav */ = {isa = PBXFileReference; lastKnownFileType = audio.wav; path = restwarning.wav; sourceTree = "<group>"; };
		C5A092CE1B1E316B003FFCA4 /* TestVideo.m4v */ = {isa = PBXFileReference; lastKnownFileType = file; path = TestVideo.m4v; sourceTree = "<group>"; };
		C5A092D11B1F1046003FFCA4 /* PrebensViewControllerTests.swift */ = {isa = PBXFileReference; fileEncoding = 4; lastKnownFileType = sourcecode.swift; path = PrebensViewControllerTests.swift; sourceTree = "<group>"; };
		C5A092D31B206544003FFCA4 /* BaseWorkoutController.swift */ = {isa = PBXFileReference; fileEncoding = 4; lastKnownFileType = sourcecode.swift; path = BaseWorkoutController.swift; sourceTree = "<group>"; };
		C5AAC23C1A711BF2001A6E01 /* CoreDataStack.swift */ = {isa = PBXFileReference; fileEncoding = 4; lastKnownFileType = sourcecode.swift; path = CoreDataStack.swift; sourceTree = "<group>"; };
		C5AAC23E1A83FA5B001A6E01 /* TestCoreDataStack.swift */ = {isa = PBXFileReference; fileEncoding = 4; lastKnownFileType = sourcecode.swift; name = TestCoreDataStack.swift; path = Models/TestCoreDataStack.swift; sourceTree = "<group>"; };
		C5C67FF41AE8251700C1D55C /* SettingsViewController.swift */ = {isa = PBXFileReference; fileEncoding = 4; lastKnownFileType = sourcecode.swift; path = SettingsViewController.swift; sourceTree = "<group>"; };
		C5E36BEE1A95D48F007906E8 /* RepsViewController.swift */ = {isa = PBXFileReference; fileEncoding = 4; lastKnownFileType = sourcecode.swift; path = RepsViewController.swift; sourceTree = "<group>"; };
		C5E36BF01A961AB6007906E8 /* CountDownTimer.swift */ = {isa = PBXFileReference; fileEncoding = 4; lastKnownFileType = sourcecode.swift; path = CountDownTimer.swift; sourceTree = "<group>"; };
		C5E36BF21A9CCC8C007906E8 /* UserWorkout.swift */ = {isa = PBXFileReference; fileEncoding = 4; lastKnownFileType = sourcecode.swift; name = UserWorkout.swift; path = Core/UserWorkout.swift; sourceTree = "<group>"; };
/* End PBXFileReference section */

/* Begin PBXFrameworksBuildPhase section */
		C515E84019C5A937001A5BB2 /* Frameworks */ = {
			isa = PBXFrameworksBuildPhase;
			buildActionMask = 2147483647;
			files = (
				C537A4861A21F428003697CD /* CoreData.framework in Frameworks */,
			);
			runOnlyForDeploymentPostprocessing = 0;
		};
		C515E85519C5A937001A5BB2 /* Frameworks */ = {
			isa = PBXFrameworksBuildPhase;
			buildActionMask = 2147483647;
			files = (
			);
			runOnlyForDeploymentPostprocessing = 0;
		};
/* End PBXFrameworksBuildPhase section */

/* Begin PBXGroup section */
		C515E83A19C5A937001A5BB2 = {
			isa = PBXGroup;
			children = (
				C537A4851A21F428003697CD /* CoreData.framework */,
				C515E84519C5A937001A5BB2 /* FHR */,
				C515E85B19C5A937001A5BB2 /* FHRTests */,
				C515E84419C5A937001A5BB2 /* Products */,
			);
			sourceTree = "<group>";
		};
		C515E84419C5A937001A5BB2 /* Products */ = {
			isa = PBXGroup;
			children = (
				C515E84319C5A937001A5BB2 /* FHR.app */,
				C515E85819C5A937001A5BB2 /* FHRTests.xctest */,
			);
			name = Products;
			sourceTree = "<group>";
		};
		C515E84519C5A937001A5BB2 /* FHR */ = {
			isa = PBXGroup;
			children = (
				C54B3A911B2454130033854E /* Utils */,
				C54B3A8D1B24525F0033854E /* Core */,
				C54B3A8A1B230F1F0033854E /* Controllers */,
				C54B3A891B230ED00033854E /* Models */,
				C5A092CE1B1E316B003FFCA4 /* TestVideo.m4v */,
				C5A092CA1B1B9016003FFCA4 /* restwarning.wav */,
				C515E84819C5A937001A5BB2 /* AppDelegate.swift */,
				C515E84C19C5A937001A5BB2 /* Main.storyboard */,
				C515E84F19C5A937001A5BB2 /* Images.xcassets */,
				C515E85119C5A937001A5BB2 /* LaunchScreen.xib */,
				C515E84619C5A937001A5BB2 /* Supporting Files */,
				C539DA981A8CAA43005A6D45 /* Media.xcassets */,
				C539DA9A1A8D2159005A6D45 /* burpees.mov */,
				C539DA9E1A8F2B9B005A6D45 /* Launch.storyboard */,
			);
			path = FHR;
			sourceTree = "<group>";
		};
		C515E84619C5A937001A5BB2 /* Supporting Files */ = {
			isa = PBXGroup;
			children = (
				C515E84719C5A937001A5BB2 /* Info.plist */,
			);
			name = "Supporting Files";
			sourceTree = "<group>";
		};
		C515E85B19C5A937001A5BB2 /* FHRTests */ = {
			isa = PBXGroup;
			children = (
				C54B3A921B2454880033854E /* Utils */,
				C54B3A8E1B2452CF0033854E /* Core */,
				C54B3A8C1B244FD10033854E /* Models */,
				C54B3A8B1B244E1C0033854E /* Controllers */,
				C515E85C19C5A937001A5BB2 /* Supporting Files */,
			);
			path = FHRTests;
			sourceTree = "<group>";
		};
		C515E85C19C5A937001A5BB2 /* Supporting Files */ = {
			isa = PBXGroup;
			children = (
				C515E85D19C5A937001A5BB2 /* Info.plist */,
			);
			name = "Supporting Files";
			sourceTree = "<group>";
		};
		C54B3A891B230ED00033854E /* Models */ = {
			isa = PBXGroup;
			children = (
				C537A4B81A21F669003697CD /* FHR.xcdatamodeld */,
				C5801CE71A62B3C200051140 /* RepsWorkout.swift */,
				C5801CE81A62B3C200051140 /* DurationWorkout.swift */,
				C5801CE51A62B3A800051140 /* Workout.swift */,
				C5AAC23C1A711BF2001A6E01 /* CoreDataStack.swift */,
				C539DA921A8A7CA3005A6D45 /* IntervalWorkout.swift */,
				C51424101AED68EB00153BF0 /* PrebensWorkout.swift */,
				C539DA8C1A87DA6A005A6D45 /* WorkoutService.swift */,
				C539DA941A8BD0A1005A6D45 /* workouts.json */,
			);
			path = Models;
			sourceTree = "<group>";
		};
		C54B3A8A1B230F1F0033854E /* Controllers */ = {
			isa = PBXGroup;
			children = (
				C5A092D31B206544003FFCA4 /* BaseWorkoutController.swift */,
				C515E84A19C5A937001A5BB2 /* ViewController.swift */,
				C5E36BEE1A95D48F007906E8 /* RepsViewController.swift */,
				C51424121AEE9B0600153BF0 /* PrebensViewController.swift */,
				C599317F1AAAF503007ABB93 /* DurationViewController.swift */,
				C5C67FF41AE8251700C1D55C /* SettingsViewController.swift */,
				C54B3A971B28C7250033854E /* IntervalViewController.swift */,
				C586D8291B2EE0020078493B /* InfoViewController.swift */,
			);
			path = Controllers;
			sourceTree = "<group>";
		};
		C54B3A8B1B244E1C0033854E /* Controllers */ = {
			isa = PBXGroup;
			children = (
				C5A092D11B1F1046003FFCA4 /* PrebensViewControllerTests.swift */,
				C51055C41B0DF77A005980AD /* DurationViewControllerTests.swift */,
				C515E85E19C5A937001A5BB2 /* ViewControllerTests.swift */,
				C54B3A991B29D4650033854E /* IntervalViewControllerTests.swift */,
			);
			path = Controllers;
			sourceTree = "<group>";
		};
		C54B3A8C1B244FD10033854E /* Models */ = {
			isa = PBXGroup;
			children = (
				C5AAC23E1A83FA5B001A6E01 /* TestCoreDataStack.swift */,
				C539DA901A87DB26005A6D45 /* WorkoutServiceTest.swift */,
			);
			name = Models;
			sourceTree = "<group>";
		};
		C54B3A8D1B24525F0033854E /* Core */ = {
			isa = PBXGroup;
			children = (
				C58CD68F1B09CFB400B974C9 /* RuntimeWorkout.swift */,
				C573BDC11A90882500B84FE0 /* WorkoutCategory.swift */,
				C5E36BF21A9CCC8C007906E8 /* UserWorkout.swift */,
				C54B3A931B260F3B0033854E /* Settings.swift */,
				C54B3A951B28BC7D0033854E /* WorkoutType.swift */,
			);
			name = Core;
			sourceTree = "<group>";
		};
		C54B3A8E1B2452CF0033854E /* Core */ = {
			isa = PBXGroup;
			children = (
				C54B3A8F1B2453C70033854E /* RuntimeWorkoutTests.swift */,
				C573BDC31A90CFE000B84FE0 /* WorkoutCategoryTests.swift */,
			);
			path = Core;
			sourceTree = "<group>";
		};
		C54B3A911B2454130033854E /* Utils */ = {
			isa = PBXGroup;
			children = (
				C5E36BF01A961AB6007906E8 /* CountDownTimer.swift */,
				C56944B41B19D5FC006745B0 /* Timer.swift */,
			);
			path = Utils;
			sourceTree = "<group>";
		};
		C54B3A921B2454880033854E /* Utils */ = {
			isa = PBXGroup;
			children = (
				C539DA9C1A8E33AE005A6D45 /* CountDownTimerTests.swift */,
				C56944B21B19D576006745B0 /* TimerTests.swift */,
			);
			path = Utils;
			sourceTree = "<group>";
		};
/* End PBXGroup section */

/* Begin PBXNativeTarget section */
		C515E84219C5A937001A5BB2 /* FHR */ = {
			isa = PBXNativeTarget;
			buildConfigurationList = C515E86219C5A937001A5BB2 /* Build configuration list for PBXNativeTarget "FHR" */;
			buildPhases = (
				C515E83F19C5A937001A5BB2 /* Sources */,
				C515E84019C5A937001A5BB2 /* Frameworks */,
				C515E84119C5A937001A5BB2 /* Resources */,
			);
			buildRules = (
			);
			dependencies = (
			);
			name = FHR;
			productName = FHR;
			productReference = C515E84319C5A937001A5BB2 /* FHR.app */;
			productType = "com.apple.product-type.application";
		};
		C515E85719C5A937001A5BB2 /* FHRTests */ = {
			isa = PBXNativeTarget;
			buildConfigurationList = C515E86519C5A937001A5BB2 /* Build configuration list for PBXNativeTarget "FHRTests" */;
			buildPhases = (
				C515E85419C5A937001A5BB2 /* Sources */,
				C515E85519C5A937001A5BB2 /* Frameworks */,
				C515E85619C5A937001A5BB2 /* Resources */,
			);
			buildRules = (
			);
			dependencies = (
				C515E85A19C5A937001A5BB2 /* PBXTargetDependency */,
			);
			name = FHRTests;
			productName = FHRTests;
			productReference = C515E85819C5A937001A5BB2 /* FHRTests.xctest */;
			productType = "com.apple.product-type.bundle.unit-test";
		};
/* End PBXNativeTarget section */

/* Begin PBXProject section */
		C515E83B19C5A937001A5BB2 /* Project object */ = {
			isa = PBXProject;
			attributes = {
				LastUpgradeCheck = 0600;
				ORGANIZATIONNAME = "Daniel Bevenius";
				TargetAttributes = {
					C515E84219C5A937001A5BB2 = {
						CreatedOnToolsVersion = 6.0;
					};
					C515E85719C5A937001A5BB2 = {
						CreatedOnToolsVersion = 6.0;
						TestTargetID = C515E84219C5A937001A5BB2;
					};
				};
			};
			buildConfigurationList = C515E83E19C5A937001A5BB2 /* Build configuration list for PBXProject "FHR" */;
			compatibilityVersion = "Xcode 3.2";
			developmentRegion = English;
			hasScannedForEncodings = 0;
			knownRegions = (
				en,
				Base,
				sv,
			);
			mainGroup = C515E83A19C5A937001A5BB2;
			productRefGroup = C515E84419C5A937001A5BB2 /* Products */;
			projectDirPath = "";
			projectRoot = "";
			targets = (
				C515E84219C5A937001A5BB2 /* FHR */,
				C515E85719C5A937001A5BB2 /* FHRTests */,
			);
		};
/* End PBXProject section */

/* Begin PBXResourcesBuildPhase section */
		C515E84119C5A937001A5BB2 /* Resources */ = {
			isa = PBXResourcesBuildPhase;
			buildActionMask = 2147483647;
			files = (
				C539DA991A8CAA43005A6D45 /* Media.xcassets in Resources */,
				C5A092CF1B1E316B003FFCA4 /* TestVideo.m4v in Resources */,
				C515E84E19C5A937001A5BB2 /* Main.storyboard in Resources */,
				C515E85319C5A937001A5BB2 /* LaunchScreen.xib in Resources */,
				C515E85019C5A937001A5BB2 /* Images.xcassets in Resources */,
				C539DA9F1A8F2B9B005A6D45 /* Launch.storyboard in Resources */,
				C539DA951A8BD0A1005A6D45 /* workouts.json in Resources */,
				C539DA9B1A8D2159005A6D45 /* burpees.mov in Resources */,
				C5A092CB1B1B9016003FFCA4 /* restwarning.wav in Resources */,
			);
			runOnlyForDeploymentPostprocessing = 0;
		};
		C515E85619C5A937001A5BB2 /* Resources */ = {
			isa = PBXResourcesBuildPhase;
			buildActionMask = 2147483647;
			files = (
				C51055C61B0DF9F0005980AD /* Main.storyboard in Resources */,
				C5A092D01B1E3C07003FFCA4 /* TestVideo.m4v in Resources */,
			);
			runOnlyForDeploymentPostprocessing = 0;
		};
/* End PBXResourcesBuildPhase section */

/* Begin PBXSourcesBuildPhase section */
		C515E83F19C5A937001A5BB2 /* Sources */ = {
			isa = PBXSourcesBuildPhase;
			buildActionMask = 2147483647;
			files = (
				C5E36BEF1A95D48F007906E8 /* RepsViewController.swift in Sources */,
				C54B3A961B28BC7D0033854E /* WorkoutType.swift in Sources */,
				C537A4BA1A21F669003697CD /* FHR.xcdatamodeld in Sources */,
				C515E84B19C5A937001A5BB2 /* ViewController.swift in Sources */,
				C539DA931A8A7CA3005A6D45 /* IntervalWorkout.swift in Sources */,
				C5E36BF11A961AB6007906E8 /* CountDownTimer.swift in Sources */,
				C51424131AEE9B0600153BF0 /* PrebensViewController.swift in Sources */,
				C58CD6901B09CFB400B974C9 /* RuntimeWorkout.swift in Sources */,
				C51424111AED68EB00153BF0 /* PrebensWorkout.swift in Sources */,
				C515E84919C5A937001A5BB2 /* AppDelegate.swift in Sources */,
				C56944B51B19D5FC006745B0 /* Timer.swift in Sources */,
				C5E36BF31A9CCC8C007906E8 /* UserWorkout.swift in Sources */,
				C5AAC23D1A711BF2001A6E01 /* CoreDataStack.swift in Sources */,
				C5801CEA1A62B3C200051140 /* DurationWorkout.swift in Sources */,
				C573BDC21A90882500B84FE0 /* WorkoutCategory.swift in Sources */,
				C539DA8D1A87DA6A005A6D45 /* WorkoutService.swift in Sources */,
				C5C67FF51AE8251700C1D55C /* SettingsViewController.swift in Sources */,
				C5801CE91A62B3C200051140 /* RepsWorkout.swift in Sources */,
				C5A092D41B206544003FFCA4 /* BaseWorkoutController.swift in Sources */,
				C54B3A941B260F3B0033854E /* Settings.swift in Sources */,
				C54B3A981B28C7250033854E /* IntervalViewController.swift in Sources */,
				C5801CE61A62B3A800051140 /* Workout.swift in Sources */,
				C586D82A1B2EE0020078493B /* InfoViewController.swift in Sources */,
				C59931801AAAF503007ABB93 /* DurationViewController.swift in Sources */,
			);
			runOnlyForDeploymentPostprocessing = 0;
		};
		C515E85419C5A937001A5BB2 /* Sources */ = {
			isa = PBXSourcesBuildPhase;
			buildActionMask = 2147483647;
			files = (
				C539DA911A87DB26005A6D45 /* WorkoutServiceTest.swift in Sources */,
				C5A092D21B1F1046003FFCA4 /* PrebensViewControllerTests.swift in Sources */,
				C515E85F19C5A937001A5BB2 /* ViewControllerTests.swift in Sources */,
				C54B3A9A1B29D4650033854E /* IntervalViewControllerTests.swift in Sources */,
				C539DA9D1A8E33AE005A6D45 /* CountDownTimerTests.swift in Sources */,
				C573BDC41A90CFE000B84FE0 /* WorkoutCategoryTests.swift in Sources */,
				C54B3A901B2453C70033854E /* RuntimeWorkoutTests.swift in Sources */,
				C51055C51B0DF77A005980AD /* DurationViewControllerTests.swift in Sources */,
				C5AAC23F1A83FA5B001A6E01 /* TestCoreDataStack.swift in Sources */,
				C56944B31B19D576006745B0 /* TimerTests.swift in Sources */,
			);
			runOnlyForDeploymentPostprocessing = 0;
		};
/* End PBXSourcesBuildPhase section */

/* Begin PBXTargetDependency section */
		C515E85A19C5A937001A5BB2 /* PBXTargetDependency */ = {
			isa = PBXTargetDependency;
			target = C515E84219C5A937001A5BB2 /* FHR */;
			targetProxy = C515E85919C5A937001A5BB2 /* PBXContainerItemProxy */;
		};
/* End PBXTargetDependency section */

/* Begin PBXVariantGroup section */
		C515E84C19C5A937001A5BB2 /* Main.storyboard */ = {
			isa = PBXVariantGroup;
			children = (
				C515E84D19C5A937001A5BB2 /* Base */,
				C573BDBF1A8F3FDE00B84FE0 /* sv */,
			);
			name = Main.storyboard;
			sourceTree = "<group>";
		};
		C515E85119C5A937001A5BB2 /* LaunchScreen.xib */ = {
			isa = PBXVariantGroup;
			children = (
				C515E85219C5A937001A5BB2 /* Base */,
				C573BDC01A8F3FDE00B84FE0 /* sv */,
			);
			name = LaunchScreen.xib;
			sourceTree = "<group>";
		};
/* End PBXVariantGroup section */

/* Begin XCBuildConfiguration section */
		C515E86019C5A937001A5BB2 /* Debug */ = {
			isa = XCBuildConfiguration;
			buildSettings = {
				ALWAYS_SEARCH_USER_PATHS = NO;
				CLANG_CXX_LANGUAGE_STANDARD = "gnu++0x";
				CLANG_CXX_LIBRARY = "libc++";
				CLANG_ENABLE_MODULES = YES;
				CLANG_ENABLE_OBJC_ARC = YES;
				CLANG_WARN_BOOL_CONVERSION = YES;
				CLANG_WARN_CONSTANT_CONVERSION = YES;
				CLANG_WARN_DIRECT_OBJC_ISA_USAGE = YES_ERROR;
				CLANG_WARN_EMPTY_BODY = YES;
				CLANG_WARN_ENUM_CONVERSION = YES;
				CLANG_WARN_INT_CONVERSION = YES;
				CLANG_WARN_OBJC_ROOT_CLASS = YES_ERROR;
				CLANG_WARN_UNREACHABLE_CODE = YES;
				CLANG_WARN__DUPLICATE_METHOD_MATCH = YES;
				"CODE_SIGN_IDENTITY[sdk=iphoneos*]" = "iPhone Developer";
				COPY_PHASE_STRIP = NO;
				ENABLE_STRICT_OBJC_MSGSEND = YES;
				GCC_C_LANGUAGE_STANDARD = gnu99;
				GCC_DYNAMIC_NO_PIC = NO;
				GCC_OPTIMIZATION_LEVEL = 0;
				GCC_PREPROCESSOR_DEFINITIONS = (
					"DEBUG=1",
					"$(inherited)",
				);
				GCC_SYMBOLS_PRIVATE_EXTERN = NO;
				GCC_WARN_64_TO_32_BIT_CONVERSION = YES;
				GCC_WARN_ABOUT_RETURN_TYPE = YES_ERROR;
				GCC_WARN_UNDECLARED_SELECTOR = YES;
				GCC_WARN_UNINITIALIZED_AUTOS = YES_AGGRESSIVE;
				GCC_WARN_UNUSED_FUNCTION = YES;
				GCC_WARN_UNUSED_VARIABLE = YES;
				IPHONEOS_DEPLOYMENT_TARGET = 8.3;
				MTL_ENABLE_DEBUG_INFO = YES;
				ONLY_ACTIVE_ARCH = YES;
				SDKROOT = iphoneos;
				SWIFT_OPTIMIZATION_LEVEL = "-Onone";
				TARGETED_DEVICE_FAMILY = "1,2";
			};
			name = Debug;
		};
		C515E86119C5A937001A5BB2 /* Release */ = {
			isa = XCBuildConfiguration;
			buildSettings = {
				ALWAYS_SEARCH_USER_PATHS = NO;
				CLANG_CXX_LANGUAGE_STANDARD = "gnu++0x";
				CLANG_CXX_LIBRARY = "libc++";
				CLANG_ENABLE_MODULES = YES;
				CLANG_ENABLE_OBJC_ARC = YES;
				CLANG_WARN_BOOL_CONVERSION = YES;
				CLANG_WARN_CONSTANT_CONVERSION = YES;
				CLANG_WARN_DIRECT_OBJC_ISA_USAGE = YES_ERROR;
				CLANG_WARN_EMPTY_BODY = YES;
				CLANG_WARN_ENUM_CONVERSION = YES;
				CLANG_WARN_INT_CONVERSION = YES;
				CLANG_WARN_OBJC_ROOT_CLASS = YES_ERROR;
				CLANG_WARN_UNREACHABLE_CODE = YES;
				CLANG_WARN__DUPLICATE_METHOD_MATCH = YES;
				"CODE_SIGN_IDENTITY[sdk=iphoneos*]" = "iPhone Developer";
				COPY_PHASE_STRIP = YES;
				ENABLE_NS_ASSERTIONS = NO;
				ENABLE_STRICT_OBJC_MSGSEND = YES;
				GCC_C_LANGUAGE_STANDARD = gnu99;
				GCC_WARN_64_TO_32_BIT_CONVERSION = YES;
				GCC_WARN_ABOUT_RETURN_TYPE = YES_ERROR;
				GCC_WARN_UNDECLARED_SELECTOR = YES;
				GCC_WARN_UNINITIALIZED_AUTOS = YES_AGGRESSIVE;
				GCC_WARN_UNUSED_FUNCTION = YES;
				GCC_WARN_UNUSED_VARIABLE = YES;
				IPHONEOS_DEPLOYMENT_TARGET = 8.3;
				MTL_ENABLE_DEBUG_INFO = NO;
				SDKROOT = iphoneos;
				TARGETED_DEVICE_FAMILY = "1,2";
				VALIDATE_PRODUCT = YES;
			};
			name = Release;
		};
		C515E86319C5A937001A5BB2 /* Debug */ = {
			isa = XCBuildConfiguration;
			buildSettings = {
				ASSETCATALOG_COMPILER_APPICON_NAME = AppIcon;
				INFOPLIST_FILE = FHR/Info.plist;
				IPHONEOS_DEPLOYMENT_TARGET = 8.3;
				LD_RUNPATH_SEARCH_PATHS = "$(inherited) @executable_path/Frameworks";
				PRODUCT_NAME = "$(TARGET_NAME)";
				TARGETED_DEVICE_FAMILY = 1;
			};
			name = Debug;
		};
		C515E86419C5A937001A5BB2 /* Release */ = {
			isa = XCBuildConfiguration;
			buildSettings = {
				ASSETCATALOG_COMPILER_APPICON_NAME = AppIcon;
				INFOPLIST_FILE = FHR/Info.plist;
				IPHONEOS_DEPLOYMENT_TARGET = 8.3;
				LD_RUNPATH_SEARCH_PATHS = "$(inherited) @executable_path/Frameworks";
				PRODUCT_NAME = "$(TARGET_NAME)";
				TARGETED_DEVICE_FAMILY = 1;
			};
			name = Release;
		};
		C515E86619C5A937001A5BB2 /* Debug */ = {
			isa = XCBuildConfiguration;
			buildSettings = {
				BUNDLE_LOADER = "$(TEST_HOST)";
				FRAMEWORK_SEARCH_PATHS = (
					"$(SDKROOT)/Developer/Library/Frameworks",
					"$(inherited)",
				);
				GCC_PREPROCESSOR_DEFINITIONS = (
					"DEBUG=1",
					"$(inherited)",
				);
				INFOPLIST_FILE = FHRTests/Info.plist;
				LD_RUNPATH_SEARCH_PATHS = "$(inherited) @executable_path/Frameworks @loader_path/Frameworks";
				PRODUCT_NAME = "$(TARGET_NAME)";
				TEST_HOST = "$(BUILT_PRODUCTS_DIR)/FHR.app/FHR";
			};
			name = Debug;
		};
		C515E86719C5A937001A5BB2 /* Release */ = {
			isa = XCBuildConfiguration;
			buildSettings = {
				BUNDLE_LOADER = "$(TEST_HOST)";
				FRAMEWORK_SEARCH_PATHS = (
					"$(SDKROOT)/Developer/Library/Frameworks",
					"$(inherited)",
				);
				INFOPLIST_FILE = FHRTests/Info.plist;
				LD_RUNPATH_SEARCH_PATHS = "$(inherited) @executable_path/Frameworks @loader_path/Frameworks";
				PRODUCT_NAME = "$(TARGET_NAME)";
				TEST_HOST = "$(BUILT_PRODUCTS_DIR)/FHR.app/FHR";
			};
			name = Release;
		};
/* End XCBuildConfiguration section */

/* Begin XCConfigurationList section */
		C515E83E19C5A937001A5BB2 /* Build configuration list for PBXProject "FHR" */ = {
			isa = XCConfigurationList;
			buildConfigurations = (
				C515E86019C5A937001A5BB2 /* Debug */,
				C515E86119C5A937001A5BB2 /* Release */,
			);
			defaultConfigurationIsVisible = 0;
			defaultConfigurationName = Release;
		};
		C515E86219C5A937001A5BB2 /* Build configuration list for PBXNativeTarget "FHR" */ = {
			isa = XCConfigurationList;
			buildConfigurations = (
				C515E86319C5A937001A5BB2 /* Debug */,
				C515E86419C5A937001A5BB2 /* Release */,
			);
			defaultConfigurationIsVisible = 0;
			defaultConfigurationName = Release;
		};
		C515E86519C5A937001A5BB2 /* Build configuration list for PBXNativeTarget "FHRTests" */ = {
			isa = XCConfigurationList;
			buildConfigurations = (
				C515E86619C5A937001A5BB2 /* Debug */,
				C515E86719C5A937001A5BB2 /* Release */,
			);
			defaultConfigurationIsVisible = 0;
			defaultConfigurationName = Release;
		};
/* End XCConfigurationList section */

/* Begin XCVersionGroup section */
		C537A4B81A21F669003697CD /* FHR.xcdatamodeld */ = {
			isa = XCVersionGroup;
			children = (
				C537A4B91A21F669003697CD /* FHR.xcdatamodel */,
			);
			currentVersion = C537A4B91A21F669003697CD /* FHR.xcdatamodel */;
			path = FHR.xcdatamodeld;
			sourceTree = "<group>";
			versionGroupType = wrapper.xcdatamodel;
		};
/* End XCVersionGroup section */
	};
	rootObject = C515E83B19C5A937001A5BB2 /* Project object */;
}
